// !$*UTF8*$!
{
	archiveVersion = 1;
	classes = {
	};
	objectVersion = 50;
	objects = {

/* Begin PBXBuildFile section */
		C8F0473923A8127B00A061D7 /* main.c in Sources */ = {isa = PBXBuildFile; fileRef = C8F0473823A8127B00A061D7 /* main.c */; };
		C8F0474523A81BB400A061D7 /* pgList.c in Sources */ = {isa = PBXBuildFile; fileRef = C8F0474423A81BB400A061D7 /* pgList.c */; };
		C8F0474723A81EFC00A061D7 /* equipArray.c in Sources */ = {isa = PBXBuildFile; fileRef = C8F0474623A81EFC00A061D7 /* equipArray.c */; };
		C8F0474923A840BD00A061D7 /* pg.c in Sources */ = {isa = PBXBuildFile; fileRef = C8F0474823A840BD00A061D7 /* pg.c */; };
		C8F0474B23A8C64700A061D7 /* invArray.c in Sources */ = {isa = PBXBuildFile; fileRef = C8F0474A23A8C64700A061D7 /* invArray.c */; };
		C8F0474D23A90DDC00A061D7 /* inv.c in Sources */ = {isa = PBXBuildFile; fileRef = C8F0474C23A90DDC00A061D7 /* inv.c */; };
/* End PBXBuildFile section */

/* Begin PBXCopyFilesBuildPhase section */
		C8F0473323A8127A00A061D7 /* CopyFiles */ = {
			isa = PBXCopyFilesBuildPhase;
			buildActionMask = 2147483647;
			dstPath = /usr/share/man/man1/;
			dstSubfolderSpec = 0;
			files = (
			);
			runOnlyForDeploymentPostprocessing = 1;
		};
/* End PBXCopyFilesBuildPhase section */

/* Begin PBXFileReference section */
		C8F0473523A8127A00A061D7 /* Laboratorio 9 - Es 2 */ = {isa = PBXFileReference; explicitFileType = "compiled.mach-o.executable"; includeInIndex = 0; path = "Laboratorio 9 - Es 2"; sourceTree = BUILT_PRODUCTS_DIR; };
		C8F0473823A8127B00A061D7 /* main.c */ = {isa = PBXFileReference; lastKnownFileType = sourcecode.c.c; path = main.c; sourceTree = "<group>"; };
		C8F0473F23A8135900A061D7 /* inv.h */ = {isa = PBXFileReference; lastKnownFileType = sourcecode.c.h; path = inv.h; sourceTree = "<group>"; };
		C8F0474023A816CE00A061D7 /* pg.h */ = {isa = PBXFileReference; lastKnownFileType = sourcecode.c.h; path = pg.h; sourceTree = "<group>"; };
		C8F0474123A8180C00A061D7 /* equipArray.h */ = {isa = PBXFileReference; lastKnownFileType = sourcecode.c.h; path = equipArray.h; sourceTree = "<group>"; };
		C8F0474223A8187900A061D7 /* invArray.h */ = {isa = PBXFileReference; lastKnownFileType = sourcecode.c.h; path = invArray.h; sourceTree = "<group>"; };
		C8F0474323A81A4D00A061D7 /* pgList.h */ = {isa = PBXFileReference; lastKnownFileType = sourcecode.c.h; path = pgList.h; sourceTree = "<group>"; };
		C8F0474423A81BB400A061D7 /* pgList.c */ = {isa = PBXFileReference; lastKnownFileType = sourcecode.c.c; path = pgList.c; sourceTree = "<group>"; };
		C8F0474623A81EFC00A061D7 /* equipArray.c */ = {isa = PBXFileReference; lastKnownFileType = sourcecode.c.c; path = equipArray.c; sourceTree = "<group>"; };
		C8F0474823A840BD00A061D7 /* pg.c */ = {isa = PBXFileReference; lastKnownFileType = sourcecode.c.c; path = pg.c; sourceTree = "<group>"; };
		C8F0474A23A8C64700A061D7 /* invArray.c */ = {isa = PBXFileReference; lastKnownFileType = sourcecode.c.c; path = invArray.c; sourceTree = "<group>"; };
		C8F0474C23A90DDC00A061D7 /* inv.c */ = {isa = PBXFileReference; lastKnownFileType = sourcecode.c.c; path = inv.c; sourceTree = "<group>"; };
/* End PBXFileReference section */

/* Begin PBXFrameworksBuildPhase section */
		C8F0473223A8127A00A061D7 /* Frameworks */ = {
			isa = PBXFrameworksBuildPhase;
			buildActionMask = 2147483647;
			files = (
			);
			runOnlyForDeploymentPostprocessing = 0;
		};
/* End PBXFrameworksBuildPhase section */

/* Begin PBXGroup section */
		C8F0472C23A8127A00A061D7 = {
			isa = PBXGroup;
			children = (
				C8F0473723A8127A00A061D7 /* Laboratorio 9 - Es 2 */,
				C8F0473623A8127A00A061D7 /* Products */,
			);
			sourceTree = "<group>";
		};
		C8F0473623A8127A00A061D7 /* Products */ = {
			isa = PBXGroup;
			children = (
				C8F0473523A8127A00A061D7 /* Laboratorio 9 - Es 2 */,
			);
			name = Products;
			sourceTree = "<group>";
		};
		C8F0473723A8127A00A061D7 /* Laboratorio 9 - Es 2 */ = {
			isa = PBXGroup;
			children = (
				C8F0473823A8127B00A061D7 /* main.c */,
				C8F0474323A81A4D00A061D7 /* pgList.h */,
				C8F0474423A81BB400A061D7 /* pgList.c */,
				C8F0474023A816CE00A061D7 /* pg.h */,
				C8F0474823A840BD00A061D7 /* pg.c */,
				C8F0474123A8180C00A061D7 /* equipArray.h */,
				C8F0474623A81EFC00A061D7 /* equipArray.c */,
				C8F0474223A8187900A061D7 /* invArray.h */,
				C8F0474A23A8C64700A061D7 /* invArray.c */,
				C8F0473F23A8135900A061D7 /* inv.h */,
				C8F0474C23A90DDC00A061D7 /* inv.c */,
			);
			path = "Laboratorio 9 - Es 2";
			sourceTree = "<group>";
		};
/* End PBXGroup section */

/* Begin PBXNativeTarget section */
		C8F0473423A8127A00A061D7 /* Laboratorio 9 - Es 2 */ = {
			isa = PBXNativeTarget;
			buildConfigurationList = C8F0473C23A8127B00A061D7 /* Build configuration list for PBXNativeTarget "Laboratorio 9 - Es 2" */;
			buildPhases = (
				C8F0473123A8127A00A061D7 /* Sources */,
				C8F0473223A8127A00A061D7 /* Frameworks */,
				C8F0473323A8127A00A061D7 /* CopyFiles */,
			);
			buildRules = (
			);
			dependencies = (
			);
			name = "Laboratorio 9 - Es 2";
			productName = "Laboratorio 9 - Es 2";
			productReference = C8F0473523A8127A00A061D7 /* Laboratorio 9 - Es 2 */;
			productType = "com.apple.product-type.tool";
		};
/* End PBXNativeTarget section */

/* Begin PBXProject section */
		C8F0472D23A8127A00A061D7 /* Project object */ = {
			isa = PBXProject;
			attributes = {
				LastUpgradeCheck = 1030;
				ORGANIZATIONNAME = "Davide Arcolini";
				TargetAttributes = {
					C8F0473423A8127A00A061D7 = {
						CreatedOnToolsVersion = 10.3;
					};
				};
			};
			buildConfigurationList = C8F0473023A8127A00A061D7 /* Build configuration list for PBXProject "Laboratorio 9 - Es 2" */;
			compatibilityVersion = "Xcode 9.3";
			developmentRegion = en;
			hasScannedForEncodings = 0;
			knownRegions = (
				en,
			);
			mainGroup = C8F0472C23A8127A00A061D7;
			productRefGroup = C8F0473623A8127A00A061D7 /* Products */;
			projectDirPath = "";
			projectRoot = "";
			targets = (
				C8F0473423A8127A00A061D7 /* Laboratorio 9 - Es 2 */,
			);
		};
/* End PBXProject section */

/* Begin PBXSourcesBuildPhase section */
		C8F0473123A8127A00A061D7 /* Sources */ = {
			isa = PBXSourcesBuildPhase;
			buildActionMask = 2147483647;
			files = (
				C8F0474923A840BD00A061D7 /* pg.c in Sources */,
				C8F0474523A81BB400A061D7 /* pgList.c in Sources */,
				C8F0474723A81EFC00A061D7 /* equipArray.c in Sources */,
				C8F0474D23A90DDC00A061D7 /* inv.c in Sources */,
				C8F0473923A8127B00A061D7 /* main.c in Sources */,
				C8F0474B23A8C64700A061D7 /* invArray.c in Sources */,
			);
			runOnlyForDeploymentPostprocessing = 0;
		};
/* End PBXSourcesBuildPhase section */

/* Begin XCBuildConfiguration section */
		C8F0473A23A8127B00A061D7 /* Debug */ = {
			isa = XCBuildConfiguration;
			buildSettings = {
				ALWAYS_SEARCH_USER_PATHS = NO;
				CLANG_ANALYZER_NONNULL = YES;
				CLANG_ANALYZER_NUMBER_OBJECT_CONVERSION = YES_AGGRESSIVE;
				CLANG_CXX_LANGUAGE_STANDARD = "gnu++14";
				CLANG_CXX_LIBRARY = "libc++";
				CLANG_ENABLE_MODULES = YES;
				CLANG_ENABLE_OBJC_ARC = YES;
				CLANG_ENABLE_OBJC_WEAK = YES;
				CLANG_WARN_BLOCK_CAPTURE_AUTORELEASING = YES;
				CLANG_WARN_BOOL_CONVERSION = YES;
				CLANG_WARN_COMMA = YES;
				CLANG_WARN_CONSTANT_CONVERSION = YES;
				CLANG_WARN_DEPRECATED_OBJC_IMPLEMENTATIONS = YES;
				CLANG_WARN_DIRECT_OBJC_ISA_USAGE = YES_ERROR;
				CLANG_WARN_DOCUMENTATION_COMMENTS = YES;
				CLANG_WARN_EMPTY_BODY = YES;
				CLANG_WARN_ENUM_CONVERSION = YES;
				CLANG_WARN_INFINITE_RECURSION = YES;
				CLANG_WARN_INT_CONVERSION = YES;
				CLANG_WARN_NON_LITERAL_NULL_CONVERSION = YES;
				CLANG_WARN_OBJC_IMPLICIT_RETAIN_SELF = YES;
				CLANG_WARN_OBJC_LITERAL_CONVERSION = YES;
				CLANG_WARN_OBJC_ROOT_CLASS = YES_ERROR;
				CLANG_WARN_RANGE_LOOP_ANALYSIS = YES;
				CLANG_WARN_STRICT_PROTOTYPES = YES;
				CLANG_WARN_SUSPICIOUS_MOVE = YES;
				CLANG_WARN_UNGUARDED_AVAILABILITY = YES_AGGRESSIVE;
				CLANG_WARN_UNREACHABLE_CODE = YES;
				CLANG_WARN__DUPLICATE_METHOD_MATCH = YES;
				CODE_SIGN_IDENTITY = "-";
				COPY_PHASE_STRIP = NO;
				DEBUG_INFORMATION_FORMAT = dwarf;
				ENABLE_STRICT_OBJC_MSGSEND = YES;
				ENABLE_TESTABILITY = YES;
				GCC_C_LANGUAGE_STANDARD = gnu11;
				GCC_DYNAMIC_NO_PIC = NO;
				GCC_NO_COMMON_BLOCKS = YES;
				GCC_OPTIMIZATION_LEVEL = 0;
				GCC_PREPROCESSOR_DEFINITIONS = (
					"DEBUG=1",
					"$(inherited)",
				);
				GCC_WARN_64_TO_32_BIT_CONVERSION = YES;
				GCC_WARN_ABOUT_RETURN_TYPE = YES_ERROR;
				GCC_WARN_UNDECLARED_SELECTOR = YES;
				GCC_WARN_UNINITIALIZED_AUTOS = YES_AGGRESSIVE;
				GCC_WARN_UNUSED_FUNCTION = YES;
				GCC_WARN_UNUSED_VARIABLE = YES;
				MACOSX_DEPLOYMENT_TARGET = 10.14;
				MTL_ENABLE_DEBUG_INFO = INCLUDE_SOURCE;
				MTL_FAST_MATH = YES;
				ONLY_ACTIVE_ARCH = YES;
				SDKROOT = macosx;
			};
			name = Debug;
		};
		C8F0473B23A8127B00A061D7 /* Release */ = {
			isa = XCBuildConfiguration;
			buildSettings = {
				ALWAYS_SEARCH_USER_PATHS = NO;
				CLANG_ANALYZER_NONNULL = YES;
				CLANG_ANALYZER_NUMBER_OBJECT_CONVERSION = YES_AGGRESSIVE;
				CLANG_CXX_LANGUAGE_STANDARD = "gnu++14";
				CLANG_CXX_LIBRARY = "libc++";
				CLANG_ENABLE_MODULES = YES;
				CLANG_ENABLE_OBJC_ARC = YES;
				CLANG_ENABLE_OBJC_WEAK = YES;
				CLANG_WARN_BLOCK_CAPTURE_AUTORELEASING = YES;
				CLANG_WARN_BOOL_CONVERSION = YES;
				CLANG_WARN_COMMA = YES;
				CLANG_WARN_CONSTANT_CONVERSION = YES;
				CLANG_WARN_DEPRECATED_OBJC_IMPLEMENTATIONS = YES;
				CLANG_WARN_DIRECT_OBJC_ISA_USAGE = YES_ERROR;
				CLANG_WARN_DOCUMENTATION_COMMENTS = YES;
				CLANG_WARN_EMPTY_BODY = YES;
				CLANG_WARN_ENUM_CONVERSION = YES;
				CLANG_WARN_INFINITE_RECURSION = YES;
				CLANG_WARN_INT_CONVERSION = YES;
				CLANG_WARN_NON_LITERAL_NULL_CONVERSION = YES;
				CLANG_WARN_OBJC_IMPLICIT_RETAIN_SELF = YES;
				CLANG_WARN_OBJC_LITERAL_CONVERSION = YES;
				CLANG_WARN_OBJC_ROOT_CLASS = YES_ERROR;
				CLANG_WARN_RANGE_LOOP_ANALYSIS = YES;
				CLANG_WARN_STRICT_PROTOTYPES = YES;
				CLANG_WARN_SUSPICIOUS_MOVE = YES;
				CLANG_WARN_UNGUARDED_AVAILABILITY = YES_AGGRESSIVE;
				CLANG_WARN_UNREACHABLE_CODE = YES;
				CLANG_WARN__DUPLICATE_METHOD_MATCH = YES;
				CODE_SIGN_IDENTITY = "-";
				COPY_PHASE_STRIP = NO;
				DEBUG_INFORMATION_FORMAT = "dwarf-with-dsym";
				ENABLE_NS_ASSERTIONS = NO;
				ENABLE_STRICT_OBJC_MSGSEND = YES;
				GCC_C_LANGUAGE_STANDARD = gnu11;
				GCC_NO_COMMON_BLOCKS = YES;
				GCC_WARN_64_TO_32_BIT_CONVERSION = YES;
				GCC_WARN_ABOUT_RETURN_TYPE = YES_ERROR;
				GCC_WARN_UNDECLARED_SELECTOR = YES;
				GCC_WARN_UNINITIALIZED_AUTOS = YES_AGGRESSIVE;
				GCC_WARN_UNUSED_FUNCTION = YES;
				GCC_WARN_UNUSED_VARIABLE = YES;
				MACOSX_DEPLOYMENT_TARGET = 10.14;
				MTL_ENABLE_DEBUG_INFO = NO;
				MTL_FAST_MATH = YES;
				SDKROOT = macosx;
			};
			name = Release;
		};
		C8F0473D23A8127B00A061D7 /* Debug */ = {
			isa = XCBuildConfiguration;
			buildSettings = {
				CODE_SIGN_STYLE = Automatic;
				PRODUCT_NAME = "$(TARGET_NAME)";
			};
			name = Debug;
		};
		C8F0473E23A8127B00A061D7 /* Release */ = {
			isa = XCBuildConfiguration;
			buildSettings = {
				CODE_SIGN_STYLE = Automatic;
				PRODUCT_NAME = "$(TARGET_NAME)";
			};
			name = Release;
		};
/* End XCBuildConfiguration section */

/* Begin XCConfigurationList section */
		C8F0473023A8127A00A061D7 /* Build configuration list for PBXProject "Laboratorio 9 - Es 2" */ = {
			isa = XCConfigurationList;
			buildConfigurations = (
				C8F0473A23A8127B00A061D7 /* Debug */,
				C8F0473B23A8127B00A061D7 /* Release */,
			);
			defaultConfigurationIsVisible = 0;
			defaultConfigurationName = Release;
		};
		C8F0473C23A8127B00A061D7 /* Build configuration list for PBXNativeTarget "Laboratorio 9 - Es 2" */ = {
			isa = XCConfigurationList;
			buildConfigurations = (
				C8F0473D23A8127B00A061D7 /* Debug */,
				C8F0473E23A8127B00A061D7 /* Release */,
			);
			defaultConfigurationIsVisible = 0;
			defaultConfigurationName = Release;
		};
/* End XCConfigurationList section */
	};
	rootObject = C8F0472D23A8127A00A061D7 /* Project object */;
}
