// !$*UTF8*$!
{
	archiveVersion = 1;
	classes = {
	};
	objectVersion = 50;
	objects = {

/* Begin PBXBuildFile section */
		C8B28F4023D0B3830088EE4A /* main.c in Sources */ = {isa = PBXBuildFile; fileRef = C8B28F3F23D0B3830088EE4A /* main.c */; };
		C8B28F4823D0B3EA0088EE4A /* stock.c in Sources */ = {isa = PBXBuildFile; fileRef = C8B28F4723D0B3EA0088EE4A /* stock.c */; };
		C8B28F4B23D0B4300088EE4A /* ITEM.c in Sources */ = {isa = PBXBuildFile; fileRef = C8B28F4A23D0B4300088EE4A /* ITEM.c */; };
		C8B28F4E23D0B4960088EE4A /* quote.c in Sources */ = {isa = PBXBuildFile; fileRef = C8B28F4D23D0B4960088EE4A /* quote.c */; };
		C8B28F5123D0B4CA0088EE4A /* time.c in Sources */ = {isa = PBXBuildFile; fileRef = C8B28F5023D0B4CA0088EE4A /* time.c */; };
/* End PBXBuildFile section */

/* Begin PBXCopyFilesBuildPhase section */
		C8B28F3A23D0B3830088EE4A /* CopyFiles */ = {
			isa = PBXCopyFilesBuildPhase;
			buildActionMask = 2147483647;
			dstPath = /usr/share/man/man1/;
			dstSubfolderSpec = 0;
			files = (
			);
			runOnlyForDeploymentPostprocessing = 1;
		};
/* End PBXCopyFilesBuildPhase section */

/* Begin PBXFileReference section */
		C8B28F3C23D0B3830088EE4A /* Laboratorio 11 - Es 01_BIS */ = {isa = PBXFileReference; explicitFileType = "compiled.mach-o.executable"; includeInIndex = 0; path = "Laboratorio 11 - Es 01_BIS"; sourceTree = BUILT_PRODUCTS_DIR; };
		C8B28F3F23D0B3830088EE4A /* main.c */ = {isa = PBXFileReference; lastKnownFileType = sourcecode.c.c; path = main.c; sourceTree = "<group>"; };
		C8B28F4623D0B3EA0088EE4A /* stock.h */ = {isa = PBXFileReference; lastKnownFileType = sourcecode.c.h; path = stock.h; sourceTree = "<group>"; };
		C8B28F4723D0B3EA0088EE4A /* stock.c */ = {isa = PBXFileReference; lastKnownFileType = sourcecode.c.c; path = stock.c; sourceTree = "<group>"; };
		C8B28F4923D0B4300088EE4A /* ITEM.h */ = {isa = PBXFileReference; lastKnownFileType = sourcecode.c.h; path = ITEM.h; sourceTree = "<group>"; };
		C8B28F4A23D0B4300088EE4A /* ITEM.c */ = {isa = PBXFileReference; lastKnownFileType = sourcecode.c.c; path = ITEM.c; sourceTree = "<group>"; };
		C8B28F4C23D0B4960088EE4A /* quote.h */ = {isa = PBXFileReference; lastKnownFileType = sourcecode.c.h; path = quote.h; sourceTree = "<group>"; };
		C8B28F4D23D0B4960088EE4A /* quote.c */ = {isa = PBXFileReference; lastKnownFileType = sourcecode.c.c; path = quote.c; sourceTree = "<group>"; };
		C8B28F4F23D0B4CA0088EE4A /* time.h */ = {isa = PBXFileReference; lastKnownFileType = sourcecode.c.h; path = time.h; sourceTree = "<group>"; };
		C8B28F5023D0B4CA0088EE4A /* time.c */ = {isa = PBXFileReference; lastKnownFileType = sourcecode.c.c; path = time.c; sourceTree = "<group>"; };
/* End PBXFileReference section */

/* Begin PBXFrameworksBuildPhase section */
		C8B28F3923D0B3830088EE4A /* Frameworks */ = {
			isa = PBXFrameworksBuildPhase;
			buildActionMask = 2147483647;
			files = (
			);
			runOnlyForDeploymentPostprocessing = 0;
		};
/* End PBXFrameworksBuildPhase section */

/* Begin PBXGroup section */
		C8B28F3323D0B3830088EE4A = {
			isa = PBXGroup;
			children = (
				C8B28F3E23D0B3830088EE4A /* Laboratorio 11 - Es 01_BIS */,
				C8B28F3D23D0B3830088EE4A /* Products */,
			);
			sourceTree = "<group>";
		};
		C8B28F3D23D0B3830088EE4A /* Products */ = {
			isa = PBXGroup;
			children = (
				C8B28F3C23D0B3830088EE4A /* Laboratorio 11 - Es 01_BIS */,
			);
			name = Products;
			sourceTree = "<group>";
		};
		C8B28F3E23D0B3830088EE4A /* Laboratorio 11 - Es 01_BIS */ = {
			isa = PBXGroup;
			children = (
				C8B28F3F23D0B3830088EE4A /* main.c */,
				C8B28F4623D0B3EA0088EE4A /* stock.h */,
				C8B28F4723D0B3EA0088EE4A /* stock.c */,
				C8B28F4923D0B4300088EE4A /* ITEM.h */,
				C8B28F4A23D0B4300088EE4A /* ITEM.c */,
				C8B28F4C23D0B4960088EE4A /* quote.h */,
				C8B28F4D23D0B4960088EE4A /* quote.c */,
				C8B28F4F23D0B4CA0088EE4A /* time.h */,
				C8B28F5023D0B4CA0088EE4A /* time.c */,
			);
			path = "Laboratorio 11 - Es 01_BIS";
			sourceTree = "<group>";
		};
/* End PBXGroup section */

/* Begin PBXNativeTarget section */
		C8B28F3B23D0B3830088EE4A /* Laboratorio 11 - Es 01_BIS */ = {
			isa = PBXNativeTarget;
			buildConfigurationList = C8B28F4323D0B3830088EE4A /* Build configuration list for PBXNativeTarget "Laboratorio 11 - Es 01_BIS" */;
			buildPhases = (
				C8B28F3823D0B3830088EE4A /* Sources */,
				C8B28F3923D0B3830088EE4A /* Frameworks */,
				C8B28F3A23D0B3830088EE4A /* CopyFiles */,
			);
			buildRules = (
			);
			dependencies = (
			);
			name = "Laboratorio 11 - Es 01_BIS";
			productName = "Laboratorio 11 - Es 01_BIS";
			productReference = C8B28F3C23D0B3830088EE4A /* Laboratorio 11 - Es 01_BIS */;
			productType = "com.apple.product-type.tool";
		};
/* End PBXNativeTarget section */

/* Begin PBXProject section */
		C8B28F3423D0B3830088EE4A /* Project object */ = {
			isa = PBXProject;
			attributes = {
				LastUpgradeCheck = 1030;
				ORGANIZATIONNAME = "Davide Arcolini";
				TargetAttributes = {
					C8B28F3B23D0B3830088EE4A = {
						CreatedOnToolsVersion = 10.3;
					};
				};
			};
			buildConfigurationList = C8B28F3723D0B3830088EE4A /* Build configuration list for PBXProject "Laboratorio 11 - Es 01_BIS" */;
			compatibilityVersion = "Xcode 9.3";
			developmentRegion = en;
			hasScannedForEncodings = 0;
			knownRegions = (
				en,
			);
			mainGroup = C8B28F3323D0B3830088EE4A;
			productRefGroup = C8B28F3D23D0B3830088EE4A /* Products */;
			projectDirPath = "";
			projectRoot = "";
			targets = (
				C8B28F3B23D0B3830088EE4A /* Laboratorio 11 - Es 01_BIS */,
			);
		};
/* End PBXProject section */

/* Begin PBXSourcesBuildPhase section */
		C8B28F3823D0B3830088EE4A /* Sources */ = {
			isa = PBXSourcesBuildPhase;
			buildActionMask = 2147483647;
			files = (
				C8B28F5123D0B4CA0088EE4A /* time.c in Sources */,
				C8B28F4B23D0B4300088EE4A /* ITEM.c in Sources */,
				C8B28F4823D0B3EA0088EE4A /* stock.c in Sources */,
				C8B28F4E23D0B4960088EE4A /* quote.c in Sources */,
				C8B28F4023D0B3830088EE4A /* main.c in Sources */,
			);
			runOnlyForDeploymentPostprocessing = 0;
		};
/* End PBXSourcesBuildPhase section */

/* Begin XCBuildConfiguration section */
		C8B28F4123D0B3830088EE4A /* Debug */ = {
			isa = XCBuildConfiguration;
			buildSettings = {
				ALWAYS_SEARCH_USER_PATHS = NO;
				CLANG_ANALYZER_NONNULL = YES;
				CLANG_ANALYZER_NUMBER_OBJECT_CONVERSION = YES_AGGRESSIVE;
				CLANG_CXX_LANGUAGE_STANDARD = "gnu++14";
				CLANG_CXX_LIBRARY = "libc++";
				CLANG_ENABLE_MODULES = YES;
				CLANG_ENABLE_OBJC_ARC = YES;
				CLANG_ENABLE_OBJC_WEAK = YES;
				CLANG_WARN_BLOCK_CAPTURE_AUTORELEASING = YES;
				CLANG_WARN_BOOL_CONVERSION = YES;
				CLANG_WARN_COMMA = YES;
				CLANG_WARN_CONSTANT_CONVERSION = YES;
				CLANG_WARN_DEPRECATED_OBJC_IMPLEMENTATIONS = YES;
				CLANG_WARN_DIRECT_OBJC_ISA_USAGE = YES_ERROR;
				CLANG_WARN_DOCUMENTATION_COMMENTS = YES;
				CLANG_WARN_EMPTY_BODY = YES;
				CLANG_WARN_ENUM_CONVERSION = YES;
				CLANG_WARN_INFINITE_RECURSION = YES;
				CLANG_WARN_INT_CONVERSION = YES;
				CLANG_WARN_NON_LITERAL_NULL_CONVERSION = YES;
				CLANG_WARN_OBJC_IMPLICIT_RETAIN_SELF = YES;
				CLANG_WARN_OBJC_LITERAL_CONVERSION = YES;
				CLANG_WARN_OBJC_ROOT_CLASS = YES_ERROR;
				CLANG_WARN_RANGE_LOOP_ANALYSIS = YES;
				CLANG_WARN_STRICT_PROTOTYPES = YES;
				CLANG_WARN_SUSPICIOUS_MOVE = YES;
				CLANG_WARN_UNGUARDED_AVAILABILITY = YES_AGGRESSIVE;
				CLANG_WARN_UNREACHABLE_CODE = YES;
				CLANG_WARN__DUPLICATE_METHOD_MATCH = YES;
				CODE_SIGN_IDENTITY = "-";
				COPY_PHASE_STRIP = NO;
				DEBUG_INFORMATION_FORMAT = dwarf;
				ENABLE_STRICT_OBJC_MSGSEND = YES;
				ENABLE_TESTABILITY = YES;
				GCC_C_LANGUAGE_STANDARD = gnu11;
				GCC_DYNAMIC_NO_PIC = NO;
				GCC_NO_COMMON_BLOCKS = YES;
				GCC_OPTIMIZATION_LEVEL = 0;
				GCC_PREPROCESSOR_DEFINITIONS = (
					"DEBUG=1",
					"$(inherited)",
				);
				GCC_WARN_64_TO_32_BIT_CONVERSION = YES;
				GCC_WARN_ABOUT_RETURN_TYPE = YES_ERROR;
				GCC_WARN_UNDECLARED_SELECTOR = YES;
				GCC_WARN_UNINITIALIZED_AUTOS = YES_AGGRESSIVE;
				GCC_WARN_UNUSED_FUNCTION = YES;
				GCC_WARN_UNUSED_VARIABLE = YES;
				MACOSX_DEPLOYMENT_TARGET = 10.14;
				MTL_ENABLE_DEBUG_INFO = INCLUDE_SOURCE;
				MTL_FAST_MATH = YES;
				ONLY_ACTIVE_ARCH = YES;
				SDKROOT = macosx;
			};
			name = Debug;
		};
		C8B28F4223D0B3830088EE4A /* Release */ = {
			isa = XCBuildConfiguration;
			buildSettings = {
				ALWAYS_SEARCH_USER_PATHS = NO;
				CLANG_ANALYZER_NONNULL = YES;
				CLANG_ANALYZER_NUMBER_OBJECT_CONVERSION = YES_AGGRESSIVE;
				CLANG_CXX_LANGUAGE_STANDARD = "gnu++14";
				CLANG_CXX_LIBRARY = "libc++";
				CLANG_ENABLE_MODULES = YES;
				CLANG_ENABLE_OBJC_ARC = YES;
				CLANG_ENABLE_OBJC_WEAK = YES;
				CLANG_WARN_BLOCK_CAPTURE_AUTORELEASING = YES;
				CLANG_WARN_BOOL_CONVERSION = YES;
				CLANG_WARN_COMMA = YES;
				CLANG_WARN_CONSTANT_CONVERSION = YES;
				CLANG_WARN_DEPRECATED_OBJC_IMPLEMENTATIONS = YES;
				CLANG_WARN_DIRECT_OBJC_ISA_USAGE = YES_ERROR;
				CLANG_WARN_DOCUMENTATION_COMMENTS = YES;
				CLANG_WARN_EMPTY_BODY = YES;
				CLANG_WARN_ENUM_CONVERSION = YES;
				CLANG_WARN_INFINITE_RECURSION = YES;
				CLANG_WARN_INT_CONVERSION = YES;
				CLANG_WARN_NON_LITERAL_NULL_CONVERSION = YES;
				CLANG_WARN_OBJC_IMPLICIT_RETAIN_SELF = YES;
				CLANG_WARN_OBJC_LITERAL_CONVERSION = YES;
				CLANG_WARN_OBJC_ROOT_CLASS = YES_ERROR;
				CLANG_WARN_RANGE_LOOP_ANALYSIS = YES;
				CLANG_WARN_STRICT_PROTOTYPES = YES;
				CLANG_WARN_SUSPICIOUS_MOVE = YES;
				CLANG_WARN_UNGUARDED_AVAILABILITY = YES_AGGRESSIVE;
				CLANG_WARN_UNREACHABLE_CODE = YES;
				CLANG_WARN__DUPLICATE_METHOD_MATCH = YES;
				CODE_SIGN_IDENTITY = "-";
				COPY_PHASE_STRIP = NO;
				DEBUG_INFORMATION_FORMAT = "dwarf-with-dsym";
				ENABLE_NS_ASSERTIONS = NO;
				ENABLE_STRICT_OBJC_MSGSEND = YES;
				GCC_C_LANGUAGE_STANDARD = gnu11;
				GCC_NO_COMMON_BLOCKS = YES;
				GCC_WARN_64_TO_32_BIT_CONVERSION = YES;
				GCC_WARN_ABOUT_RETURN_TYPE = YES_ERROR;
				GCC_WARN_UNDECLARED_SELECTOR = YES;
				GCC_WARN_UNINITIALIZED_AUTOS = YES_AGGRESSIVE;
				GCC_WARN_UNUSED_FUNCTION = YES;
				GCC_WARN_UNUSED_VARIABLE = YES;
				MACOSX_DEPLOYMENT_TARGET = 10.14;
				MTL_ENABLE_DEBUG_INFO = NO;
				MTL_FAST_MATH = YES;
				SDKROOT = macosx;
			};
			name = Release;
		};
		C8B28F4423D0B3830088EE4A /* Debug */ = {
			isa = XCBuildConfiguration;
			buildSettings = {
				CODE_SIGN_STYLE = Automatic;
				PRODUCT_NAME = "$(TARGET_NAME)";
			};
			name = Debug;
		};
		C8B28F4523D0B3830088EE4A /* Release */ = {
			isa = XCBuildConfiguration;
			buildSettings = {
				CODE_SIGN_STYLE = Automatic;
				PRODUCT_NAME = "$(TARGET_NAME)";
			};
			name = Release;
		};
/* End XCBuildConfiguration section */

/* Begin XCConfigurationList section */
		C8B28F3723D0B3830088EE4A /* Build configuration list for PBXProject "Laboratorio 11 - Es 01_BIS" */ = {
			isa = XCConfigurationList;
			buildConfigurations = (
				C8B28F4123D0B3830088EE4A /* Debug */,
				C8B28F4223D0B3830088EE4A /* Release */,
			);
			defaultConfigurationIsVisible = 0;
			defaultConfigurationName = Release;
		};
		C8B28F4323D0B3830088EE4A /* Build configuration list for PBXNativeTarget "Laboratorio 11 - Es 01_BIS" */ = {
			isa = XCConfigurationList;
			buildConfigurations = (
				C8B28F4423D0B3830088EE4A /* Debug */,
				C8B28F4523D0B3830088EE4A /* Release */,
			);
			defaultConfigurationIsVisible = 0;
			defaultConfigurationName = Release;
		};
/* End XCConfigurationList section */
	};
	rootObject = C8B28F3423D0B3830088EE4A /* Project object */;
}
